{
  "version": 4,
  "terraform_version": "1.9.4",
  "serial": 3,
  "lineage": "a74629de-884b-40af-d4e8-9db51f853550",
  "outputs": {
    "arn": {
      "value": "arn:aws:s3:::terraform-20240808125340242900000001",
      "type": "string"
    },
    "bucket_domain_name": {
      "value": "terraform-20240808125340242900000001.s3.amazonaws.com",
      "type": "string"
    },
    "bucket_regional_domain_name": {
      "value": "terraform-20240808125340242900000001.s3.ap-northeast-1.amazonaws.com",
      "type": "string"
    },
    "hosted_zone_id": {
      "value": "Z2M4EHUR26P7ZW",
      "type": "string"
    },
    "name": {
      "value": "terraform-20240808125340242900000001",
      "type": "string"
    },
    "region": {
      "value": "ap-northeast-1",
      "type": "string"
    },
    "website_domain": {
      "value": "",
      "type": "string"
    },
    "website_endpoint": {
      "value": "",
      "type": "string"
    }
  },
  "resources": [
    {
      "mode": "data",
      "type": "aws_caller_identity",
      "name": "current",
      "provider": "provider[\"registry.terraform.io/hashicorp/aws\"]",
      "instances": [
        {
          "schema_version": 0,
          "attributes": {
            "account_id": "876160884475",
            "arn": "arn:aws:iam::876160884475:user/ksekimoto",
            "id": "876160884475",
            "user_id": "AIDA4X72CD35VVP6GT3OR"
          },
          "sensitive_attributes": []
        }
      ]
    },
    {
      "mode": "data",
      "type": "aws_canonical_user_id",
      "name": "this",
      "provider": "provider[\"registry.terraform.io/hashicorp/aws\"]",
      "instances": [
        {
          "schema_version": 0,
          "attributes": {
            "display_name": "ken.sekimoto",
            "id": "11ddbbcd7c077b909bf74c8f3da7b2ef965b3afe77e0607849a7b4458d2aa1f8"
          },
          "sensitive_attributes": []
        }
      ]
    },
    {
      "mode": "data",
      "type": "aws_partition",
      "name": "current",
      "provider": "provider[\"registry.terraform.io/hashicorp/aws\"]",
      "instances": [
        {
          "schema_version": 0,
          "attributes": {
            "dns_suffix": "amazonaws.com",
            "id": "aws",
            "partition": "aws",
            "reverse_dns_prefix": "com.amazonaws"
          },
          "sensitive_attributes": []
        }
      ]
    },
    {
      "mode": "managed",
      "type": "aws_s3_bucket",
      "name": "this",
      "provider": "provider[\"registry.terraform.io/hashicorp/aws\"]",
      "instances": [
        {
          "index_key": 0,
          "schema_version": 0,
          "attributes": {
            "acceleration_status": "",
            "acl": null,
            "arn": "arn:aws:s3:::terraform-20240808125340242900000001",
            "bucket": "terraform-20240808125340242900000001",
            "bucket_domain_name": "terraform-20240808125340242900000001.s3.amazonaws.com",
            "bucket_prefix": "terraform-",
            "bucket_regional_domain_name": "terraform-20240808125340242900000001.s3.ap-northeast-1.amazonaws.com",
            "cors_rule": [],
            "force_destroy": false,
            "grant": [
              {
                "id": "11ddbbcd7c077b909bf74c8f3da7b2ef965b3afe77e0607849a7b4458d2aa1f8",
                "permissions": [
                  "FULL_CONTROL"
                ],
                "type": "CanonicalUser",
                "uri": ""
              }
            ],
            "hosted_zone_id": "Z2M4EHUR26P7ZW",
            "id": "terraform-20240808125340242900000001",
            "lifecycle_rule": [],
            "logging": [],
            "object_lock_configuration": [],
            "object_lock_enabled": false,
            "policy": "",
            "region": "ap-northeast-1",
            "replication_configuration": [],
            "request_payer": "BucketOwner",
            "server_side_encryption_configuration": [
              {
                "rule": [
                  {
                    "apply_server_side_encryption_by_default": [
                      {
                        "kms_master_key_id": "",
                        "sse_algorithm": "AES256"
                      }
                    ],
                    "bucket_key_enabled": false
                  }
                ]
              }
            ],
            "tags": null,
            "tags_all": {},
            "timeouts": null,
            "versioning": [
              {
                "enabled": false,
                "mfa_delete": false
              }
            ],
            "website": [],
            "website_domain": null,
            "website_endpoint": null
          },
          "sensitive_attributes": [],
          "private": "eyJlMmJmYjczMC1lY2FhLTExZTYtOGY4OC0zNDM2M2JjN2M0YzAiOnsiY3JlYXRlIjoxMjAwMDAwMDAwMDAwLCJkZWxldGUiOjM2MDAwMDAwMDAwMDAsInJlYWQiOjEyMDAwMDAwMDAwMDAsInVwZGF0ZSI6MTIwMDAwMDAwMDAwMH19"
        }
      ]
    },
    {
      "mode": "managed",
      "type": "aws_s3_bucket_public_access_block",
      "name": "this",
      "provider": "provider[\"registry.terraform.io/hashicorp/aws\"]",
      "instances": [
        {
          "index_key": 0,
          "schema_version": 0,
          "attributes": {
            "block_public_acls": false,
            "block_public_policy": false,
            "bucket": "terraform-20240808125340242900000001",
            "id": "terraform-20240808125340242900000001",
            "ignore_public_acls": false,
            "restrict_public_buckets": false
          },
          "sensitive_attributes": [],
          "private": "bnVsbA==",
          "dependencies": [
            "aws_s3_bucket.this",
            "aws_s3_bucket_policy.this",
            "data.aws_elb_service_account.this",
            "data.aws_iam_policy_document.combined",
            "data.aws_iam_policy_document.deny_insecure_transport",
            "data.aws_iam_policy_document.elb_log_delivery",
            "data.aws_iam_policy_document.lb_log_delivery",
            "data.aws_iam_policy_document.require_latest_tls"
          ]
        }
      ]
    }
  ],
  "check_results": null
}
